
Microsoft Visual Studio Solution File, Format Version 12.00
# Visual Studio 15
VisualStudioVersion = 15.0.28307.438
MinimumVisualStudioVersion = 10.0.40219.1
Project("{888888A0-9F3D-457C-B088-3A5042F75D52}") = "preprocessing", "preprocessing\preprocessing.pyproj", "{53804AE4-A0C1-4FEC-9F49-FBDCBD2790EB}"
EndProject
Global
	GlobalSection(SolutionConfigurationPlatforms) = preSolution
		Debug|Any CPU = Debug|Any CPU
		Release|Any CPU = Release|Any CPU
	EndGlobalSection
	GlobalSection(ProjectConfigurationPlatforms) = postSolution
		{53804AE4-A0C1-4FEC-9F49-FBDCBD2790EB}.Debug|Any CPU.ActiveCfg = Debug|Any CPU
		{53804AE4-A0C1-4FEC-9F49-FBDCBD2790EB}.Release|Any CPU.ActiveCfg = Release|Any CPU
	EndGlobalSection
	GlobalSection(SolutionProperties) = preSolution
		HideSolutionNode = FALSE
	EndGlobalSection
	GlobalSection(ExtensibilityGlobals) = postSolution
		SolutionGuid = {EC3BB25B-BE66-445F-8041-3087DA5A099E}
	EndGlobalSection
EndGlobal
